
Microsoft Visual Studio Solution File, Format Version 10.00
# Visual Studio 2008
Project("{FAE04EC0-301F-11D3-BF4B-00C04F79EFBC}") = "KuaFu", "KuaFu\KuaFu.csproj", "{118AFB58-5979-47D2-A247-F6C5356C7314}"
EndProject
Project("{FAE04EC0-301F-11D3-BF4B-00C04F79EFBC}") = "KuaFu.Plugin", "KuaFu.Plugin\KuaFu.Plugin.csproj", "{D5C50008-8B94-4FD9-ACA5-D8F1B9ADEB59}"
EndProject
Project("{FAE04EC0-301F-11D3-BF4B-00C04F79EFBC}") = "KuaFu.Plugin.Standard", "KuaFu.Plugin.Standard\KuaFu.Plugin.Standard.csproj", "{A089557C-3142-4B11-8BA8-5B94F4BBA72C}"
EndProject
Project("{FAE04EC0-301F-11D3-BF4B-00C04F79EFBC}") = "KuaFu.Plugin.Tools", "KuaFu.Plugin.Tools\KuaFu.Plugin.Tools.csproj", "{43C9D9BF-3889-4AED-B7AD-0A553F91E32E}"
EndProject
Project("{FAE04EC0-301F-11D3-BF4B-00C04F79EFBC}") = "KuaFu.Plugin.Selection", "KuaFu.Plugin.Selection\KuaFu.Plugin.Selection.csproj", "{7806D220-F64B-47CA-B38A-7685ABD5F4F1}"
EndProject
Project("{FAE04EC0-301F-11D3-BF4B-00C04F79EFBC}") = "KuaFu.Helper", "KuaFu.Helper\KuaFu.Helper.csproj", "{CE7A5DFC-9B35-4997-B81F-323E1EFAE09C}"
EndProject
Global
	GlobalSection(SolutionConfigurationPlatforms) = preSolution
		Debug|Any CPU = Debug|Any CPU
		Release|Any CPU = Release|Any CPU
	EndGlobalSection
	GlobalSection(ProjectConfigurationPlatforms) = postSolution
		{118AFB58-5979-47D2-A247-F6C5356C7314}.Debug|Any CPU.ActiveCfg = Debug|Any CPU
		{118AFB58-5979-47D2-A247-F6C5356C7314}.Debug|Any CPU.Build.0 = Debug|Any CPU
		{118AFB58-5979-47D2-A247-F6C5356C7314}.Release|Any CPU.ActiveCfg = Release|Any CPU
		{118AFB58-5979-47D2-A247-F6C5356C7314}.Release|Any CPU.Build.0 = Release|Any CPU
		{D5C50008-8B94-4FD9-ACA5-D8F1B9ADEB59}.Debug|Any CPU.ActiveCfg = Debug|Any CPU
		{D5C50008-8B94-4FD9-ACA5-D8F1B9ADEB59}.Debug|Any CPU.Build.0 = Debug|Any CPU
		{D5C50008-8B94-4FD9-ACA5-D8F1B9ADEB59}.Release|Any CPU.ActiveCfg = Release|Any CPU
		{D5C50008-8B94-4FD9-ACA5-D8F1B9ADEB59}.Release|Any CPU.Build.0 = Release|Any CPU
		{A089557C-3142-4B11-8BA8-5B94F4BBA72C}.Debug|Any CPU.ActiveCfg = Debug|Any CPU
		{A089557C-3142-4B11-8BA8-5B94F4BBA72C}.Debug|Any CPU.Build.0 = Debug|Any CPU
		{A089557C-3142-4B11-8BA8-5B94F4BBA72C}.Release|Any CPU.ActiveCfg = Release|Any CPU
		{A089557C-3142-4B11-8BA8-5B94F4BBA72C}.Release|Any CPU.Build.0 = Release|Any CPU
		{43C9D9BF-3889-4AED-B7AD-0A553F91E32E}.Debug|Any CPU.ActiveCfg = Debug|Any CPU
		{43C9D9BF-3889-4AED-B7AD-0A553F91E32E}.Debug|Any CPU.Build.0 = Debug|Any CPU
		{43C9D9BF-3889-4AED-B7AD-0A553F91E32E}.Release|Any CPU.ActiveCfg = Release|Any CPU
		{43C9D9BF-3889-4AED-B7AD-0A553F91E32E}.Release|Any CPU.Build.0 = Release|Any CPU
		{7806D220-F64B-47CA-B38A-7685ABD5F4F1}.Debug|Any CPU.ActiveCfg = Debug|Any CPU
		{7806D220-F64B-47CA-B38A-7685ABD5F4F1}.Debug|Any CPU.Build.0 = Debug|Any CPU
		{7806D220-F64B-47CA-B38A-7685ABD5F4F1}.Release|Any CPU.ActiveCfg = Release|Any CPU
		{7806D220-F64B-47CA-B38A-7685ABD5F4F1}.Release|Any CPU.Build.0 = Release|Any CPU
		{CE7A5DFC-9B35-4997-B81F-323E1EFAE09C}.Debug|Any CPU.ActiveCfg = Debug|Any CPU
		{CE7A5DFC-9B35-4997-B81F-323E1EFAE09C}.Debug|Any CPU.Build.0 = Debug|Any CPU
		{CE7A5DFC-9B35-4997-B81F-323E1EFAE09C}.Release|Any CPU.ActiveCfg = Release|Any CPU
		{CE7A5DFC-9B35-4997-B81F-323E1EFAE09C}.Release|Any CPU.Build.0 = Release|Any CPU
	EndGlobalSection
	GlobalSection(SolutionProperties) = preSolution
		HideSolutionNode = FALSE
	EndGlobalSection
	GlobalSection(ExtensibilityGlobals) = postSolution
		VisualSVNWorkingCopyRoot = .
	EndGlobalSection
EndGlobal
