
Microsoft Visual Studio Solution File, Format Version 10.00
# Visual Studio 2008
Project("{FAE04EC0-301F-11D3-BF4B-00C04F79EFBC}") = "KuaFu", "KuaFu\KuaFu.csproj", "{118AFB58-5979-47D2-A247-F6C5356C7314}"
EndProject
Project("{FAE04EC0-301F-11D3-BF4B-00C04F79EFBC}") = "KuaFu.Plugin", "KuaFu.Plugin\KuaFu.Plugin.csproj", "{D5C50008-8B94-4FD9-ACA5-D8F1B9ADEB59}"
EndProject
Global
	GlobalSection(SolutionConfigurationPlatforms) = preSolution
		Debug|Any CPU = Debug|Any CPU
		Release|Any CPU = Release|Any CPU
	EndGlobalSection
	GlobalSection(ProjectConfigurationPlatforms) = postSolution
		{118AFB58-5979-47D2-A247-F6C5356C7314}.Debug|Any CPU.ActiveCfg = Debug|Any CPU
		{118AFB58-5979-47D2-A247-F6C5356C7314}.Debug|Any CPU.Build.0 = Debug|Any CPU
		{118AFB58-5979-47D2-A247-F6C5356C7314}.Release|Any CPU.ActiveCfg = Release|Any CPU
		{118AFB58-5979-47D2-A247-F6C5356C7314}.Release|Any CPU.Build.0 = Release|Any CPU
		{D5C50008-8B94-4FD9-ACA5-D8F1B9ADEB59}.Debug|Any CPU.ActiveCfg = Debug|Any CPU
		{D5C50008-8B94-4FD9-ACA5-D8F1B9ADEB59}.Debug|Any CPU.Build.0 = Debug|Any CPU
		{D5C50008-8B94-4FD9-ACA5-D8F1B9ADEB59}.Release|Any CPU.ActiveCfg = Release|Any CPU
		{D5C50008-8B94-4FD9-ACA5-D8F1B9ADEB59}.Release|Any CPU.Build.0 = Release|Any CPU
	EndGlobalSection
	GlobalSection(SolutionProperties) = preSolution
		HideSolutionNode = FALSE
	EndGlobalSection
	GlobalSection(ExtensibilityGlobals) = postSolution
		VisualSVNWorkingCopyRoot = .
	EndGlobalSection
EndGlobal
